
Microsoft Visual Studio Solution File, Format Version 12.00
# Visual Studio Version 17
VisualStudioVersion = 17.7.34031.279
MinimumVisualStudioVersion = 10.0.40219.1
Project("{FAE04EC0-301F-11D3-BF4B-00C04F79EFBC}") = "GoogleCalendarEvents", "GoogleCalendarEvents\GoogleCalendarEvents.csproj", "{AF2D327A-1624-474F-9AE5-2BB00C3AEA0E}"
EndProject
Global
	GlobalSection(SolutionConfigurationPlatforms) = preSolution
		Debug|Any CPU = Debug|Any CPU
		Release|Any CPU = Release|Any CPU
	EndGlobalSection
	GlobalSection(ProjectConfigurationPlatforms) = postSolution
		{AF2D327A-1624-474F-9AE5-2BB00C3AEA0E}.Debug|Any CPU.ActiveCfg = Debug|Any CPU
		{AF2D327A-1624-474F-9AE5-2BB00C3AEA0E}.Debug|Any CPU.Build.0 = Debug|Any CPU
		{AF2D327A-1624-474F-9AE5-2BB00C3AEA0E}.Release|Any CPU.ActiveCfg = Release|Any CPU
		{AF2D327A-1624-474F-9AE5-2BB00C3AEA0E}.Release|Any CPU.Build.0 = Release|Any CPU
	EndGlobalSection
	GlobalSection(SolutionProperties) = preSolution
		HideSolutionNode = FALSE
	EndGlobalSection
	GlobalSection(ExtensibilityGlobals) = postSolution
		SolutionGuid = {1319C0B5-08C7-4B62-B09A-B2554E3F2EA1}
	EndGlobalSection
EndGlobal
